
Microsoft Visual Studio Solution File, Format Version 12.00
# Visual Studio Version 17
VisualStudioVersion = 17.8.34525.116
MinimumVisualStudioVersion = 10.0.40219.1
Project("{9A19103F-16F7-4668-BE54-9A1E7A4F7556}") = "LuxuryProperties.API", "LuxuryProperties.API\LuxuryProperties.API.csproj", "{98285214-C9F3-410F-8922-6983E153002E}"
EndProject
Project("{9A19103F-16F7-4668-BE54-9A1E7A4F7556}") = "LuxuryProperties.Data", "LuxuryProperties.Data\LuxuryProperties.Data.csproj", "{253B505C-68ED-4CE3-AB0A-FDDB42B2AF11}"
EndProject
Project("{9A19103F-16F7-4668-BE54-9A1E7A4F7556}") = "LuxuryProperties.Shared", "LuxuryProperties.Shared\LuxuryProperties.Shared.csproj", "{CC81809F-C399-4084-99AE-3E06855F6A93}"
EndProject
Global
	GlobalSection(SolutionConfigurationPlatforms) = preSolution
		Debug|Any CPU = Debug|Any CPU
		Release|Any CPU = Release|Any CPU
	EndGlobalSection
	GlobalSection(ProjectConfigurationPlatforms) = postSolution
		{98285214-C9F3-410F-8922-6983E153002E}.Debug|Any CPU.ActiveCfg = Debug|Any CPU
		{98285214-C9F3-410F-8922-6983E153002E}.Debug|Any CPU.Build.0 = Debug|Any CPU
		{98285214-C9F3-410F-8922-6983E153002E}.Release|Any CPU.ActiveCfg = Release|Any CPU
		{98285214-C9F3-410F-8922-6983E153002E}.Release|Any CPU.Build.0 = Release|Any CPU
		{253B505C-68ED-4CE3-AB0A-FDDB42B2AF11}.Debug|Any CPU.ActiveCfg = Debug|Any CPU
		{253B505C-68ED-4CE3-AB0A-FDDB42B2AF11}.Debug|Any CPU.Build.0 = Debug|Any CPU
		{253B505C-68ED-4CE3-AB0A-FDDB42B2AF11}.Release|Any CPU.ActiveCfg = Release|Any CPU
		{253B505C-68ED-4CE3-AB0A-FDDB42B2AF11}.Release|Any CPU.Build.0 = Release|Any CPU
		{CC81809F-C399-4084-99AE-3E06855F6A93}.Debug|Any CPU.ActiveCfg = Debug|Any CPU
		{CC81809F-C399-4084-99AE-3E06855F6A93}.Debug|Any CPU.Build.0 = Debug|Any CPU
		{CC81809F-C399-4084-99AE-3E06855F6A93}.Release|Any CPU.ActiveCfg = Release|Any CPU
		{CC81809F-C399-4084-99AE-3E06855F6A93}.Release|Any CPU.Build.0 = Release|Any CPU
	EndGlobalSection
	GlobalSection(SolutionProperties) = preSolution
		HideSolutionNode = FALSE
	EndGlobalSection
	GlobalSection(ExtensibilityGlobals) = postSolution
		SolutionGuid = {E60E8994-9979-488D-A16E-DEFEB4CB90D1}
	EndGlobalSection
EndGlobal
